
Microsoft Visual Studio Solution File, Format Version 12.00
# Visual Studio 2015
Project("{FAE04EC0-301F-11D3-BF4B-00C04F79EFBC}") = "Damage Numbers", "Damage Numbers.csproj", "{F4ACA7DD-FC0B-8A03-512E-62400764A495}"
EndProject
Global
	GlobalSection(SolutionConfigurationPlatforms) = preSolution
		Debug|Any CPU = Debug|Any CPU
		Release|Any CPU = Release|Any CPU
	EndGlobalSection
	GlobalSection(ProjectConfigurationPlatforms) = postSolution
		{F4ACA7DD-FC0B-8A03-512E-62400764A495}.Debug|Any CPU.ActiveCfg = Debug|Any CPU
		{F4ACA7DD-FC0B-8A03-512E-62400764A495}.Debug|Any CPU.Build.0 = Debug|Any CPU
		{F4ACA7DD-FC0B-8A03-512E-62400764A495}.Release|Any CPU.ActiveCfg = Release|Any CPU
		{F4ACA7DD-FC0B-8A03-512E-62400764A495}.Release|Any CPU.Build.0 = Release|Any CPU
	EndGlobalSection
	GlobalSection(SolutionProperties) = preSolution
		HideSolutionNode = FALSE
	EndGlobalSection
EndGlobal
