
Microsoft Visual Studio Solution File, Format Version 12.00
# Visual Studio 2015
Project("{FAE04EC0-301F-11D3-BF4B-00C04F79EFBC}") = "DamageNumbers", "DamageNumbers.csproj", "{B06AE8F5-1EDE-3842-3DC2-C83B1E0A2B09}"
EndProject
Project("{FAE04EC0-301F-11D3-BF4B-00C04F79EFBC}") = "DamageNumbers.Editor", "DamageNumbers.Editor.csproj", "{6E018035-ED16-E901-DD71-D8612AC2C98E}"
EndProject
Global
	GlobalSection(SolutionConfigurationPlatforms) = preSolution
		Debug|Any CPU = Debug|Any CPU
		Release|Any CPU = Release|Any CPU
	EndGlobalSection
	GlobalSection(ProjectConfigurationPlatforms) = postSolution
		{B06AE8F5-1EDE-3842-3DC2-C83B1E0A2B09}.Debug|Any CPU.ActiveCfg = Debug|Any CPU
		{B06AE8F5-1EDE-3842-3DC2-C83B1E0A2B09}.Debug|Any CPU.Build.0 = Debug|Any CPU
		{B06AE8F5-1EDE-3842-3DC2-C83B1E0A2B09}.Release|Any CPU.ActiveCfg = Release|Any CPU
		{B06AE8F5-1EDE-3842-3DC2-C83B1E0A2B09}.Release|Any CPU.Build.0 = Release|Any CPU
		{6E018035-ED16-E901-DD71-D8612AC2C98E}.Debug|Any CPU.ActiveCfg = Debug|Any CPU
		{6E018035-ED16-E901-DD71-D8612AC2C98E}.Debug|Any CPU.Build.0 = Debug|Any CPU
		{6E018035-ED16-E901-DD71-D8612AC2C98E}.Release|Any CPU.ActiveCfg = Release|Any CPU
		{6E018035-ED16-E901-DD71-D8612AC2C98E}.Release|Any CPU.Build.0 = Release|Any CPU
	EndGlobalSection
	GlobalSection(SolutionProperties) = preSolution
		HideSolutionNode = FALSE
	EndGlobalSection
EndGlobal
